# This file is autogenerated, do not edit; changes may be undone by the next 'dep ensure'.


[[projects]]
  branch = "master"
  digest = "1:73d0fc1bb3a164f24b1f0c3d7cef3ee70edae28ba725cee9a0de2d859637fd16"
  name = "github.com/go-gl/glfw"
  packages = [
    "v3.3/glfw",
    "v3.3/glfw/glfw/deps",
    "v3.3/glfw/glfw/deps/glad",
    "v3.3/glfw/glfw/deps/mingw",
    "v3.3/glfw/glfw/deps/vs2008",
    "v3.3/glfw/glfw/include/GLFW",
    "v3.3/glfw/glfw/src",
  ]
  pruneopts = "UT"
  revision = "258d9bec320e815de27a5604ccd657e1a519a20e"

[[projects]]
  digest = "1:582b704bebaa06b48c29b0cec224a6058a09c86883aaddabde889cd1a5f73e1b"
  name = "github.com/google/uuid"
  packages = ["."]
  pruneopts = "UT"
  revision = "0cd6bf5da1e1c83f8b45653022c74f71af0538a4"
  version = "v1.1.1"

[[projects]]
  digest = "1:f812c56f9050ad72d6bf0c8106dcdc5abfddef08317c8843e580af304eb74f15"
  name = "github.com/hajimehoshi/ebiten"
  packages = [
    ".",
    "ebitenutil",
    "ebitenutil/internal/assets",
    "internal/affine",
    "internal/buffered",
    "internal/clock",
    "internal/devicescale",
    "internal/driver",
    "internal/glfw",
    "internal/graphics",
    "internal/graphicscommand",
    "internal/graphicsdriver/metal",
    "internal/graphicsdriver/metal/ca",
    "internal/graphicsdriver/metal/mtl",
    "internal/graphicsdriver/metal/ns",
    "internal/graphicsdriver/opengl",
    "internal/graphicsdriver/opengl/gl",
    "internal/hooks",
    "internal/jsutil",
    "internal/mipmap",
    "internal/packing",
    "internal/png",
    "internal/restorable",
    "internal/shareable",
    "internal/thread",
    "internal/uidriver/glfw",
    "internal/uidriver/js",
    "internal/uidriver/mobile",
    "internal/web",
  ]
  pruneopts = "UT"
  revision = "0df2ebc5da559bbc67c70425e003e58dcd27f25b"
  version = "v1.11.0"

[[projects]]
  branch = "master"
  digest = "1:bd0386f82340fd1d7aa5a0046af0c39a7de15dadcddc1688e64255aba372a600"
  name = "golang.org/x/exp"
  packages = [
    "shiny/driver/gldriver",
    "shiny/driver/internal/drawer",
    "shiny/driver/internal/errscreen",
    "shiny/driver/internal/event",
    "shiny/driver/internal/lifecycler",
    "shiny/driver/internal/win32",
    "shiny/driver/internal/x11key",
    "shiny/screen",
  ]
  pruneopts = "UT"
  revision = "e8c3332aa8e5b8e6acb4707c3a7e5979052b20aa"

[[projects]]
  branch = "master"
  digest = "1:b92d5f74778f4766055011db9abc4bba54edbe5e690a544e6dbfe4dd90824719"
  name = "golang.org/x/image"
  packages = ["math/f64"]
  pruneopts = "UT"
  revision = "58c23975cae11f062d4b3b0c143fe248faac195d"

[[projects]]
  branch = "master"
  digest = "1:42e489525b1728903ecf7aaa83ef951a185d47e1cd2fcf14c727c9320f54b498"
  name = "golang.org/x/mobile"
  packages = [
    "app",
    "app/internal/callfn",
    "event/key",
    "event/lifecycle",
    "event/mouse",
    "event/paint",
    "event/size",
    "event/touch",
    "geom",
    "gl",
    "internal/mobileinit",
  ]
  pruneopts = "UT"
  revision = "4c31acba000778d337c0e4f32091cc923b3363d2"

[[projects]]
  branch = "master"
  digest = "1:b521f10a2d8fa85c04a8ef4e62f2d1e14d303599a55d64dabf9f5a02f84d35eb"
  name = "golang.org/x/sync"
  packages = ["errgroup"]
  pruneopts = "UT"
  revision = "43a5402ce75a95522677f77c619865d66b8c57ab"

[[projects]]
  branch = "master"
  digest = "1:181b0f31060ef04339c16e7bba946726dc4801a547f06edbd26d2b72a09df98c"
  name = "golang.org/x/sys"
  packages = ["windows"]
  pruneopts = "UT"
  revision = "29b57079015a5bb5f6b6f0c01679754e4bd75916"

[[projects]]
  branch = "master"
  digest = "1:f30059d563f8645861cd37f1a67177f32cc7ec0929c1a71414c975b78d54ae15"
  name = "golang.org/x/tools"
  packages = ["go/ast/astutil"]
  pruneopts = "UT"
  revision = "e56429333abeaa9547acaa946a5250c0fda3684d"

[solve-meta]
  analyzer-name = "dep"
  analyzer-version = 1
  input-imports = [
    "github.com/google/uuid",
    "github.com/hajimehoshi/ebiten",
    "github.com/hajimehoshi/ebiten/ebitenutil",
  ]
  solver-name = "gps-cdcl"
  solver-version = 1
